
Microsoft Visual Studio Solution File, Format Version 12.00
# Visual Studio Version 17
VisualStudioVersion = 17.13.35828.75 d17.13
MinimumVisualStudioVersion = 10.0.40219.1
Project("{FAE04EC0-301F-11D3-BF4B-00C04F79EFBC}") = "GoogleAuthDotnet", "GoogleAuthDotnet\GoogleAuthDotnet.csproj", "{F6CE8D9D-05C0-4D81-9F87-9A462B5E25F5}"
EndProject
Global
	GlobalSection(SolutionConfigurationPlatforms) = preSolution
		Debug|Any CPU = Debug|Any CPU
		Release|Any CPU = Release|Any CPU
	EndGlobalSection
	GlobalSection(ProjectConfigurationPlatforms) = postSolution
		{F6CE8D9D-05C0-4D81-9F87-9A462B5E25F5}.Debug|Any CPU.ActiveCfg = Debug|Any CPU
		{F6CE8D9D-05C0-4D81-9F87-9A462B5E25F5}.Debug|Any CPU.Build.0 = Debug|Any CPU
		{F6CE8D9D-05C0-4D81-9F87-9A462B5E25F5}.Release|Any CPU.ActiveCfg = Release|Any CPU
		{F6CE8D9D-05C0-4D81-9F87-9A462B5E25F5}.Release|Any CPU.Build.0 = Release|Any CPU
	EndGlobalSection
	GlobalSection(SolutionProperties) = preSolution
		HideSolutionNode = FALSE
	EndGlobalSection
	GlobalSection(ExtensibilityGlobals) = postSolution
		SolutionGuid = {529F364A-201B-425C-9D14-BA280BD8CB8E}
	EndGlobalSection
EndGlobal
